
Microsoft Visual Studio Solution File, Format Version 12.00
# Visual Studio Version 16
VisualStudioVersion = 16.0.32228.343
MinimumVisualStudioVersion = 10.0.40219.1
Project("{2150E333-8FDC-42A3-9474-1A3956D46DE8}") = "Sample", "Sample", "{62478159-2259-4A90-9E06-597CE7C18951}"
EndProject
Project("{FAE04EC0-301F-11D3-BF4B-00C04F79EFBC}") = "ConsoleApp0411", "Sample\ConsoleApp0411\ConsoleApp0411.csproj", "{FF029D40-0C04-4313-B3C7-DDA49D00C5F4}"
EndProject
Project("{FAE04EC0-301F-11D3-BF4B-00C04F79EFBC}") = "WindowsFormsApp1", "Sample\WindowsFormsApp1\WindowsFormsApp1.csproj", "{8C321575-5955-445B-B6BB-C430F46A9CF9}"
EndProject
Project("{FAE04EC0-301F-11D3-BF4B-00C04F79EFBC}") = "BallApp", "Sample\BallApp\BallApp.csproj", "{38BAFF8A-AC9F-4AFD-B57B-BA9C5A65F23B}"
EndProject
Project("{2150E333-8FDC-42A3-9474-1A3956D46DE8}") = "Chapter01", "Chapter01", "{62A5A45A-FF5E-4990-84AF-BBB73D7774D3}"
EndProject
Project("{FAE04EC0-301F-11D3-BF4B-00C04F79EFBC}") = "ProductSample", "Chapter01\Product\ProductSample.csproj", "{524CFF4F-0204-4CAB-B6D1-485B88838582}"
EndProject
Project("{2150E333-8FDC-42A3-9474-1A3956D46DE8}") = "Chapter02", "Chapter02", "{B2D772BB-8024-485F-9281-7CB7B2885983}"
EndProject
Project("{2150E333-8FDC-42A3-9474-1A3956D46DE8}") = "距離換算プログラム", "距離換算プログラム", "{8156417B-5296-4E25-B40A-AAB9281CF4FC}"
EndProject
Project("{FAE04EC0-301F-11D3-BF4B-00C04F79EFBC}") = "DistanceConverter", "Chapter02\距離換算プログラム\DistanceConverter\DistanceConverter.csproj", "{235FFE20-4A24-4CF3-88EB-458CBE58E331}"
EndProject
Project("{2150E333-8FDC-42A3-9474-1A3956D46DE8}") = "売り上げ集計プログラム", "売り上げ集計プログラム", "{BFA785F3-81E7-4F42-9E5A-8BBD9E521331}"
EndProject
Project("{FAE04EC0-301F-11D3-BF4B-00C04F79EFBC}") = "SalesCalculator", "Chapter02\売り上げ集計プログラム\SalesCalculator\SalesCalculator.csproj", "{4E150A98-4AE3-4E28-B18C-0EAADB5F11D2}"
EndProject
Project("{2150E333-8FDC-42A3-9474-1A3956D46DE8}") = "演習問題", "演習問題", "{4FC6F0D7-B9CB-4FDF-BFF0-2CD21287B89A}"
EndProject
Project("{FAE04EC0-301F-11D3-BF4B-00C04F79EFBC}") = "Exercise01", "Chapter02\演習問題\Exercise01\Exercise01.csproj", "{57385B70-A7E1-4225-81B2-79E16FFD0ABF}"
EndProject
Project("{FAE04EC0-301F-11D3-BF4B-00C04F79EFBC}") = "Exercise02", "Chapter02\演習問題\Exercise02\Exercise02.csproj", "{996B6C91-5A7F-465B-BB73-0116EEF93E27}"
EndProject
Project("{FAE04EC0-301F-11D3-BF4B-00C04F79EFBC}") = "Exercise03", "Chapter02\演習問題\Exercise03\Exercise03.csproj", "{B3F15A4E-8549-4B9A-A1E0-C44138A55CFB}"
EndProject
Project("{2150E333-8FDC-42A3-9474-1A3956D46DE8}") = "Chapter03", "Chapter03", "{74581FAA-4A2D-412C-ADD3-24AFE41F3E71}"
EndProject
Project("{FAE04EC0-301F-11D3-BF4B-00C04F79EFBC}") = "Section01", "Chapter03\Section01\Section01.csproj", "{776277DF-F5EC-43E0-B765-28DA2EDD2C05}"
EndProject
Project("{FAE04EC0-301F-11D3-BF4B-00C04F79EFBC}") = "Section03", "Chapter03\Section03\Section03.csproj", "{7E127A90-5DAC-429F-BF88-824775E2BA04}"
EndProject
Project("{FAE04EC0-301F-11D3-BF4B-00C04F79EFBC}") = "Section04", "Chapter03\Section04\Section04.csproj", "{FED2279D-23F6-407C-8E8D-7CA52B6931CC}"
EndProject
Project("{2150E333-8FDC-42A3-9474-1A3956D46DE8}") = "演習問題", "演習問題", "{B33D19C7-2C20-4065-9EC5-90A87A72F3C0}"
EndProject
Project("{FAE04EC0-301F-11D3-BF4B-00C04F79EFBC}") = "Exercise01", "Chapter03\演習問題\Exercise01\Exercise01.csproj", "{24BEF3D9-402F-4385-80DB-27C7956757A0}"
EndProject
Project("{FAE04EC0-301F-11D3-BF4B-00C04F79EFBC}") = "Exercise02", "Chapter03\演習問題\Exercise02\Exercise02.csproj", "{111B1F03-08D7-4B74-92D4-7C9AB8E6162A}"
EndProject
Project("{2150E333-8FDC-42A3-9474-1A3956D46DE8}") = "Chapter04", "Chapter04", "{E4A4894E-E447-45F3-B5DB-19BFF666706A}"
EndProject
Project("{2150E333-8FDC-42A3-9474-1A3956D46DE8}") = "条件演算子・null合体演算子", "条件演算子・null合体演算子", "{A8425372-2071-4EBA-9AEA-4A7D01BB2907}"
EndProject
Project("{FAE04EC0-301F-11D3-BF4B-00C04F79EFBC}") = "Section04", "Chapter04\条件演算子・null合体演算子\Section04\Section04.csproj", "{6B92E073-DB9F-49AC-B9AA-44F43E30C999}"
EndProject
Project("{2150E333-8FDC-42A3-9474-1A3956D46DE8}") = "TryParse", "TryParse", "{349833E3-22CC-40D9-909F-E2F078654590}"
EndProject
Project("{FAE04EC0-301F-11D3-BF4B-00C04F79EFBC}") = "Section07", "Chapter04\TryParse\Section07\Section07.csproj", "{179C8492-FF8E-453B-A108-A5A4B0CC4C0B}"
EndProject
Project("{2150E333-8FDC-42A3-9474-1A3956D46DE8}") = "演習問題", "演習問題", "{D5C650E4-E8A9-43E1-8172-94A0DC0CE8C3}"
EndProject
Project("{FAE04EC0-301F-11D3-BF4B-00C04F79EFBC}") = "Exercise01", "Chapter04\演習問題\Exercise01\Exercise01.csproj", "{3519CDA8-0560-400B-9263-84AA68ACFCE7}"
EndProject
Project("{FAE04EC0-301F-11D3-BF4B-00C04F79EFBC}") = "Exercise02", "Chapter04\演習問題\Exercise02\Exercise02.csproj", "{73E00923-F0CE-4844-9E26-7B1BC047FF31}"
EndProject
Project("{2150E333-8FDC-42A3-9474-1A3956D46DE8}") = "Chapter05", "Chapter05", "{6695DCA7-1788-4C4A-9E7B-0B00048D7FA5}"
EndProject
Project("{2150E333-8FDC-42A3-9474-1A3956D46DE8}") = "演習問題", "演習問題", "{D3EBD61B-717E-45A3-AE4D-57C9AF265576}"
EndProject
Project("{FAE04EC0-301F-11D3-BF4B-00C04F79EFBC}") = "Exercise01", "Chapter05\演習問題\Exercise01\Exercise01.csproj", "{EC1F65EF-9F2D-4A76-B5FE-3558B2856546}"
EndProject
Project("{FAE04EC0-301F-11D3-BF4B-00C04F79EFBC}") = "Exercise02", "Chapter05\演習問題\Exercise02\Exercise02.csproj", "{CA9CDD76-320E-468B-A4B7-638A360F2A5D}"
EndProject
Project("{FAE04EC0-301F-11D3-BF4B-00C04F79EFBC}") = "Exercise03", "Chapter05\演習問題\Exercise03\Exercise03.csproj", "{F728FF86-EE35-4EE4-9536-CCCFBEDE9377}"
EndProject
Project("{FAE04EC0-301F-11D3-BF4B-00C04F79EFBC}") = "Exercise04", "Chapter05\演習問題\Exercise04\Exercise04.csproj", "{5277E0CA-E955-4C28-9A79-E1EA2FC23666}"
EndProject
Project("{2150E333-8FDC-42A3-9474-1A3956D46DE8}") = "Chapter06", "Chapter06", "{628AC3C4-8DD6-4558-882E-F9098CAE0CB4}"
EndProject
Project("{FAE04EC0-301F-11D3-BF4B-00C04F79EFBC}") = "Section01", "Chapter06\Section01\Section01.csproj", "{0FC76E9A-8AE4-44D2-85F0-6E4C43902230}"
EndProject
Project("{FAE04EC0-301F-11D3-BF4B-00C04F79EFBC}") = "Section02", "Chapter06\Section02\Section02.csproj", "{2B30A1B3-5465-4AE1-8640-6D6A3870304B}"
EndProject
Project("{2150E333-8FDC-42A3-9474-1A3956D46DE8}") = "演習問題", "演習問題", "{24D81BAA-A581-4056-9B59-D9D48B421EBF}"
EndProject
Project("{FAE04EC0-301F-11D3-BF4B-00C04F79EFBC}") = "Exercise01", "Chapter06\演習問題\Exercise01\Exercise01.csproj", "{53D3C189-A6F6-41E0-AD2A-EA9E47C81C18}"
EndProject
Project("{FAE04EC0-301F-11D3-BF4B-00C04F79EFBC}") = "Exercise02", "Chapter06\演習問題\Exercise02\Exercise02.csproj", "{6DDC7D2B-6AA1-42A8-909E-86AC76F43168}"
EndProject
Project("{2150E333-8FDC-42A3-9474-1A3956D46DE8}") = "Chapter07", "Chapter07", "{6A4AD11C-7517-48AC-A410-DFEEA8A8F989}"
EndProject
Project("{FAE04EC0-301F-11D3-BF4B-00C04F79EFBC}") = "Section01", "Chapter07\Section01\Section01.csproj", "{5032607D-E69D-407E-A0BC-65B11D16D292}"
EndProject
Project("{FAE04EC0-301F-11D3-BF4B-00C04F79EFBC}") = "Section02", "Chapter07\Section02\Section02.csproj", "{FA91DB88-09C5-408F-B3B8-36C717EE871A}"
EndProject
Project("{2150E333-8FDC-42A3-9474-1A3956D46DE8}") = "試験01", "試験01", "{EDC68071-068B-4B43-9EE8-40CEE84C7A13}"
EndProject
Project("{FAE04EC0-301F-11D3-BF4B-00C04F79EFBC}") = "Test01", "TestProject\Test01\Test01.csproj", "{2BFACDC3-F44D-4199-8498-F5C3C4AC0335}"
EndProject
Project("{FAE04EC0-301F-11D3-BF4B-00C04F79EFBC}") = "Test02", "TestProject\Test02\Test02.csproj", "{E461C0A8-8900-485C-B520-E929BA33F712}"
EndProject
Project("{FAE04EC0-301F-11D3-BF4B-00C04F79EFBC}") = "Section03", "Chapter07\Section03\Section03\Section03.csproj", "{B6253002-0AA3-4F94-9A08-16B23B1B3268}"
EndProject
Project("{2150E333-8FDC-42A3-9474-1A3956D46DE8}") = "演習問題", "演習問題", "{EAEDF513-F581-43EF-B7BD-63823D988EC9}"
EndProject
Project("{FAE04EC0-301F-11D3-BF4B-00C04F79EFBC}") = "Exercise01", "Chapter07\演習問題\Exercise01\Exercise01.csproj", "{A56A39FB-911E-4BDD-9EF0-2AD5E4D8F7CF}"
EndProject
Project("{FAE04EC0-301F-11D3-BF4B-00C04F79EFBC}") = "Exercise02", "Chapter07\演習問題\Exercise02\Exercise02.csproj", "{0EAE1940-5164-4270-AECE-73FC63BC46B7}"
EndProject
Project("{2150E333-8FDC-42A3-9474-1A3956D46DE8}") = "Chapter08", "Chapter08", "{AA6C103E-F9F0-45E8-83C3-7B8D4B4E3B3F}"
EndProject
Project("{2150E333-8FDC-42A3-9474-1A3956D46DE8}") = "演習問題", "演習問題", "{9F77BADC-C6FA-4F47-805C-7710C51DFC37}"
EndProject
Project("{FAE04EC0-301F-11D3-BF4B-00C04F79EFBC}") = "Exercise01", "Chapter08\演習問題\Exercise01\Exercise01.csproj", "{94535AD0-3EED-4984-A80B-EF85B64BB11C}"
EndProject
Project("{FAE04EC0-301F-11D3-BF4B-00C04F79EFBC}") = "Exercise02", "Chapter08\演習問題\Exercise02\Exercise02.csproj", "{21C9AD60-6196-46A9-B216-76A1D48E9C88}"
EndProject
Project("{FAE04EC0-301F-11D3-BF4B-00C04F79EFBC}") = "Exercise03", "Chapter08\演習問題\Exercise03\Exercise03.csproj", "{DE311193-97EF-4B4C-B427-0D1C092019DE}"
EndProject
Project("{2150E333-8FDC-42A3-9474-1A3956D46DE8}") = "フォームアプリケーション", "フォームアプリケーション", "{02214C57-8A43-4B4D-BF5A-AED4479B96D2}"
EndProject
Project("{FAE04EC0-301F-11D3-BF4B-00C04F79EFBC}") = "CalendarApp", "Chapter08\フォームアプリケーション\CalendarApp\CalendarApp.csproj", "{87A67441-46CE-4809-88B5-CE32BF94BCB8}"
EndProject
Project("{2150E333-8FDC-42A3-9474-1A3956D46DE8}") = "FormApp", "FormApp", "{558C3187-545C-4980-AA5D-BDF798785A64}"
EndProject
Project("{FAE04EC0-301F-11D3-BF4B-00C04F79EFBC}") = "CarReportSystem", "FormApp\CarReportSystem\CarReportSystem.csproj", "{BE5EE4E8-6A03-44B2-87CB-70030456C5D0}"
EndProject
Global
	GlobalSection(SolutionConfigurationPlatforms) = preSolution
		Debug|Any CPU = Debug|Any CPU
		Release|Any CPU = Release|Any CPU
	EndGlobalSection
	GlobalSection(ProjectConfigurationPlatforms) = postSolution
		{FF029D40-0C04-4313-B3C7-DDA49D00C5F4}.Debug|Any CPU.ActiveCfg = Debug|Any CPU
		{FF029D40-0C04-4313-B3C7-DDA49D00C5F4}.Debug|Any CPU.Build.0 = Debug|Any CPU
		{FF029D40-0C04-4313-B3C7-DDA49D00C5F4}.Release|Any CPU.ActiveCfg = Release|Any CPU
		{FF029D40-0C04-4313-B3C7-DDA49D00C5F4}.Release|Any CPU.Build.0 = Release|Any CPU
		{8C321575-5955-445B-B6BB-C430F46A9CF9}.Debug|Any CPU.ActiveCfg = Debug|Any CPU
		{8C321575-5955-445B-B6BB-C430F46A9CF9}.Debug|Any CPU.Build.0 = Debug|Any CPU
		{8C321575-5955-445B-B6BB-C430F46A9CF9}.Release|Any CPU.ActiveCfg = Release|Any CPU
		{8C321575-5955-445B-B6BB-C430F46A9CF9}.Release|Any CPU.Build.0 = Release|Any CPU
		{38BAFF8A-AC9F-4AFD-B57B-BA9C5A65F23B}.Debug|Any CPU.ActiveCfg = Debug|Any CPU
		{38BAFF8A-AC9F-4AFD-B57B-BA9C5A65F23B}.Debug|Any CPU.Build.0 = Debug|Any CPU
		{38BAFF8A-AC9F-4AFD-B57B-BA9C5A65F23B}.Release|Any CPU.ActiveCfg = Release|Any CPU
		{38BAFF8A-AC9F-4AFD-B57B-BA9C5A65F23B}.Release|Any CPU.Build.0 = Release|Any CPU
		{524CFF4F-0204-4CAB-B6D1-485B88838582}.Debug|Any CPU.ActiveCfg = Debug|Any CPU
		{524CFF4F-0204-4CAB-B6D1-485B88838582}.Debug|Any CPU.Build.0 = Debug|Any CPU
		{524CFF4F-0204-4CAB-B6D1-485B88838582}.Release|Any CPU.ActiveCfg = Release|Any CPU
		{524CFF4F-0204-4CAB-B6D1-485B88838582}.Release|Any CPU.Build.0 = Release|Any CPU
		{235FFE20-4A24-4CF3-88EB-458CBE58E331}.Debug|Any CPU.ActiveCfg = Debug|Any CPU
		{235FFE20-4A24-4CF3-88EB-458CBE58E331}.Debug|Any CPU.Build.0 = Debug|Any CPU
		{235FFE20-4A24-4CF3-88EB-458CBE58E331}.Release|Any CPU.ActiveCfg = Release|Any CPU
		{235FFE20-4A24-4CF3-88EB-458CBE58E331}.Release|Any CPU.Build.0 = Release|Any CPU
		{4E150A98-4AE3-4E28-B18C-0EAADB5F11D2}.Debug|Any CPU.ActiveCfg = Debug|Any CPU
		{4E150A98-4AE3-4E28-B18C-0EAADB5F11D2}.Debug|Any CPU.Build.0 = Debug|Any CPU
		{4E150A98-4AE3-4E28-B18C-0EAADB5F11D2}.Release|Any CPU.ActiveCfg = Release|Any CPU
		{4E150A98-4AE3-4E28-B18C-0EAADB5F11D2}.Release|Any CPU.Build.0 = Release|Any CPU
		{57385B70-A7E1-4225-81B2-79E16FFD0ABF}.Debug|Any CPU.ActiveCfg = Debug|Any CPU
		{57385B70-A7E1-4225-81B2-79E16FFD0ABF}.Debug|Any CPU.Build.0 = Debug|Any CPU
		{57385B70-A7E1-4225-81B2-79E16FFD0ABF}.Release|Any CPU.ActiveCfg = Release|Any CPU
		{57385B70-A7E1-4225-81B2-79E16FFD0ABF}.Release|Any CPU.Build.0 = Release|Any CPU
		{996B6C91-5A7F-465B-BB73-0116EEF93E27}.Debug|Any CPU.ActiveCfg = Debug|Any CPU
		{996B6C91-5A7F-465B-BB73-0116EEF93E27}.Debug|Any CPU.Build.0 = Debug|Any CPU
		{996B6C91-5A7F-465B-BB73-0116EEF93E27}.Release|Any CPU.ActiveCfg = Release|Any CPU
		{996B6C91-5A7F-465B-BB73-0116EEF93E27}.Release|Any CPU.Build.0 = Release|Any CPU
		{B3F15A4E-8549-4B9A-A1E0-C44138A55CFB}.Debug|Any CPU.ActiveCfg = Debug|Any CPU
		{B3F15A4E-8549-4B9A-A1E0-C44138A55CFB}.Debug|Any CPU.Build.0 = Debug|Any CPU
		{B3F15A4E-8549-4B9A-A1E0-C44138A55CFB}.Release|Any CPU.ActiveCfg = Release|Any CPU
		{B3F15A4E-8549-4B9A-A1E0-C44138A55CFB}.Release|Any CPU.Build.0 = Release|Any CPU
		{776277DF-F5EC-43E0-B765-28DA2EDD2C05}.Debug|Any CPU.ActiveCfg = Debug|Any CPU
		{776277DF-F5EC-43E0-B765-28DA2EDD2C05}.Debug|Any CPU.Build.0 = Debug|Any CPU
		{776277DF-F5EC-43E0-B765-28DA2EDD2C05}.Release|Any CPU.ActiveCfg = Release|Any CPU
		{776277DF-F5EC-43E0-B765-28DA2EDD2C05}.Release|Any CPU.Build.0 = Release|Any CPU
		{7E127A90-5DAC-429F-BF88-824775E2BA04}.Debug|Any CPU.ActiveCfg = Debug|Any CPU
		{7E127A90-5DAC-429F-BF88-824775E2BA04}.Debug|Any CPU.Build.0 = Debug|Any CPU
		{7E127A90-5DAC-429F-BF88-824775E2BA04}.Release|Any CPU.ActiveCfg = Release|Any CPU
		{7E127A90-5DAC-429F-BF88-824775E2BA04}.Release|Any CPU.Build.0 = Release|Any CPU
		{FED2279D-23F6-407C-8E8D-7CA52B6931CC}.Debug|Any CPU.ActiveCfg = Debug|Any CPU
		{FED2279D-23F6-407C-8E8D-7CA52B6931CC}.Debug|Any CPU.Build.0 = Debug|Any CPU
		{FED2279D-23F6-407C-8E8D-7CA52B6931CC}.Release|Any CPU.ActiveCfg = Release|Any CPU
		{FED2279D-23F6-407C-8E8D-7CA52B6931CC}.Release|Any CPU.Build.0 = Release|Any CPU
		{24BEF3D9-402F-4385-80DB-27C7956757A0}.Debug|Any CPU.ActiveCfg = Debug|Any CPU
		{24BEF3D9-402F-4385-80DB-27C7956757A0}.Debug|Any CPU.Build.0 = Debug|Any CPU
		{24BEF3D9-402F-4385-80DB-27C7956757A0}.Release|Any CPU.ActiveCfg = Release|Any CPU
		{24BEF3D9-402F-4385-80DB-27C7956757A0}.Release|Any CPU.Build.0 = Release|Any CPU
		{111B1F03-08D7-4B74-92D4-7C9AB8E6162A}.Debug|Any CPU.ActiveCfg = Debug|Any CPU
		{111B1F03-08D7-4B74-92D4-7C9AB8E6162A}.Debug|Any CPU.Build.0 = Debug|Any CPU
		{111B1F03-08D7-4B74-92D4-7C9AB8E6162A}.Release|Any CPU.ActiveCfg = Release|Any CPU
		{111B1F03-08D7-4B74-92D4-7C9AB8E6162A}.Release|Any CPU.Build.0 = Release|Any CPU
		{6B92E073-DB9F-49AC-B9AA-44F43E30C999}.Debug|Any CPU.ActiveCfg = Debug|Any CPU
		{6B92E073-DB9F-49AC-B9AA-44F43E30C999}.Debug|Any CPU.Build.0 = Debug|Any CPU
		{6B92E073-DB9F-49AC-B9AA-44F43E30C999}.Release|Any CPU.ActiveCfg = Release|Any CPU
		{6B92E073-DB9F-49AC-B9AA-44F43E30C999}.Release|Any CPU.Build.0 = Release|Any CPU
		{179C8492-FF8E-453B-A108-A5A4B0CC4C0B}.Debug|Any CPU.ActiveCfg = Debug|Any CPU
		{179C8492-FF8E-453B-A108-A5A4B0CC4C0B}.Debug|Any CPU.Build.0 = Debug|Any CPU
		{179C8492-FF8E-453B-A108-A5A4B0CC4C0B}.Release|Any CPU.ActiveCfg = Release|Any CPU
		{179C8492-FF8E-453B-A108-A5A4B0CC4C0B}.Release|Any CPU.Build.0 = Release|Any CPU
		{3519CDA8-0560-400B-9263-84AA68ACFCE7}.Debug|Any CPU.ActiveCfg = Debug|Any CPU
		{3519CDA8-0560-400B-9263-84AA68ACFCE7}.Debug|Any CPU.Build.0 = Debug|Any CPU
		{3519CDA8-0560-400B-9263-84AA68ACFCE7}.Release|Any CPU.ActiveCfg = Release|Any CPU
		{3519CDA8-0560-400B-9263-84AA68ACFCE7}.Release|Any CPU.Build.0 = Release|Any CPU
		{73E00923-F0CE-4844-9E26-7B1BC047FF31}.Debug|Any CPU.ActiveCfg = Debug|Any CPU
		{73E00923-F0CE-4844-9E26-7B1BC047FF31}.Debug|Any CPU.Build.0 = Debug|Any CPU
		{73E00923-F0CE-4844-9E26-7B1BC047FF31}.Release|Any CPU.ActiveCfg = Release|Any CPU
		{73E00923-F0CE-4844-9E26-7B1BC047FF31}.Release|Any CPU.Build.0 = Release|Any CPU
		{EC1F65EF-9F2D-4A76-B5FE-3558B2856546}.Debug|Any CPU.ActiveCfg = Debug|Any CPU
		{EC1F65EF-9F2D-4A76-B5FE-3558B2856546}.Debug|Any CPU.Build.0 = Debug|Any CPU
		{EC1F65EF-9F2D-4A76-B5FE-3558B2856546}.Release|Any CPU.ActiveCfg = Release|Any CPU
		{EC1F65EF-9F2D-4A76-B5FE-3558B2856546}.Release|Any CPU.Build.0 = Release|Any CPU
		{CA9CDD76-320E-468B-A4B7-638A360F2A5D}.Debug|Any CPU.ActiveCfg = Debug|Any CPU
		{CA9CDD76-320E-468B-A4B7-638A360F2A5D}.Debug|Any CPU.Build.0 = Debug|Any CPU
		{CA9CDD76-320E-468B-A4B7-638A360F2A5D}.Release|Any CPU.ActiveCfg = Release|Any CPU
		{CA9CDD76-320E-468B-A4B7-638A360F2A5D}.Release|Any CPU.Build.0 = Release|Any CPU
		{F728FF86-EE35-4EE4-9536-CCCFBEDE9377}.Debug|Any CPU.ActiveCfg = Debug|Any CPU
		{F728FF86-EE35-4EE4-9536-CCCFBEDE9377}.Debug|Any CPU.Build.0 = Debug|Any CPU
		{F728FF86-EE35-4EE4-9536-CCCFBEDE9377}.Release|Any CPU.ActiveCfg = Release|Any CPU
		{F728FF86-EE35-4EE4-9536-CCCFBEDE9377}.Release|Any CPU.Build.0 = Release|Any CPU
		{5277E0CA-E955-4C28-9A79-E1EA2FC23666}.Debug|Any CPU.ActiveCfg = Debug|Any CPU
		{5277E0CA-E955-4C28-9A79-E1EA2FC23666}.Debug|Any CPU.Build.0 = Debug|Any CPU
		{5277E0CA-E955-4C28-9A79-E1EA2FC23666}.Release|Any CPU.ActiveCfg = Release|Any CPU
		{5277E0CA-E955-4C28-9A79-E1EA2FC23666}.Release|Any CPU.Build.0 = Release|Any CPU
		{0FC76E9A-8AE4-44D2-85F0-6E4C43902230}.Debug|Any CPU.ActiveCfg = Debug|Any CPU
		{0FC76E9A-8AE4-44D2-85F0-6E4C43902230}.Debug|Any CPU.Build.0 = Debug|Any CPU
		{0FC76E9A-8AE4-44D2-85F0-6E4C43902230}.Release|Any CPU.ActiveCfg = Release|Any CPU
		{0FC76E9A-8AE4-44D2-85F0-6E4C43902230}.Release|Any CPU.Build.0 = Release|Any CPU
		{2B30A1B3-5465-4AE1-8640-6D6A3870304B}.Debug|Any CPU.ActiveCfg = Debug|Any CPU
		{2B30A1B3-5465-4AE1-8640-6D6A3870304B}.Debug|Any CPU.Build.0 = Debug|Any CPU
		{2B30A1B3-5465-4AE1-8640-6D6A3870304B}.Release|Any CPU.ActiveCfg = Release|Any CPU
		{2B30A1B3-5465-4AE1-8640-6D6A3870304B}.Release|Any CPU.Build.0 = Release|Any CPU
		{53D3C189-A6F6-41E0-AD2A-EA9E47C81C18}.Debug|Any CPU.ActiveCfg = Debug|Any CPU
		{53D3C189-A6F6-41E0-AD2A-EA9E47C81C18}.Debug|Any CPU.Build.0 = Debug|Any CPU
		{53D3C189-A6F6-41E0-AD2A-EA9E47C81C18}.Release|Any CPU.ActiveCfg = Release|Any CPU
		{53D3C189-A6F6-41E0-AD2A-EA9E47C81C18}.Release|Any CPU.Build.0 = Release|Any CPU
		{6DDC7D2B-6AA1-42A8-909E-86AC76F43168}.Debug|Any CPU.ActiveCfg = Debug|Any CPU
		{6DDC7D2B-6AA1-42A8-909E-86AC76F43168}.Debug|Any CPU.Build.0 = Debug|Any CPU
		{6DDC7D2B-6AA1-42A8-909E-86AC76F43168}.Release|Any CPU.ActiveCfg = Release|Any CPU
		{6DDC7D2B-6AA1-42A8-909E-86AC76F43168}.Release|Any CPU.Build.0 = Release|Any CPU
		{5032607D-E69D-407E-A0BC-65B11D16D292}.Debug|Any CPU.ActiveCfg = Debug|Any CPU
		{5032607D-E69D-407E-A0BC-65B11D16D292}.Debug|Any CPU.Build.0 = Debug|Any CPU
		{5032607D-E69D-407E-A0BC-65B11D16D292}.Release|Any CPU.ActiveCfg = Release|Any CPU
		{5032607D-E69D-407E-A0BC-65B11D16D292}.Release|Any CPU.Build.0 = Release|Any CPU
		{FA91DB88-09C5-408F-B3B8-36C717EE871A}.Debug|Any CPU.ActiveCfg = Debug|Any CPU
		{FA91DB88-09C5-408F-B3B8-36C717EE871A}.Debug|Any CPU.Build.0 = Debug|Any CPU
		{FA91DB88-09C5-408F-B3B8-36C717EE871A}.Release|Any CPU.ActiveCfg = Release|Any CPU
		{FA91DB88-09C5-408F-B3B8-36C717EE871A}.Release|Any CPU.Build.0 = Release|Any CPU
		{2BFACDC3-F44D-4199-8498-F5C3C4AC0335}.Debug|Any CPU.ActiveCfg = Debug|Any CPU
		{2BFACDC3-F44D-4199-8498-F5C3C4AC0335}.Debug|Any CPU.Build.0 = Debug|Any CPU
		{2BFACDC3-F44D-4199-8498-F5C3C4AC0335}.Release|Any CPU.ActiveCfg = Release|Any CPU
		{2BFACDC3-F44D-4199-8498-F5C3C4AC0335}.Release|Any CPU.Build.0 = Release|Any CPU
		{E461C0A8-8900-485C-B520-E929BA33F712}.Debug|Any CPU.ActiveCfg = Debug|Any CPU
		{E461C0A8-8900-485C-B520-E929BA33F712}.Debug|Any CPU.Build.0 = Debug|Any CPU
		{E461C0A8-8900-485C-B520-E929BA33F712}.Release|Any CPU.ActiveCfg = Release|Any CPU
		{E461C0A8-8900-485C-B520-E929BA33F712}.Release|Any CPU.Build.0 = Release|Any CPU
		{B6253002-0AA3-4F94-9A08-16B23B1B3268}.Debug|Any CPU.ActiveCfg = Debug|Any CPU
		{B6253002-0AA3-4F94-9A08-16B23B1B3268}.Debug|Any CPU.Build.0 = Debug|Any CPU
		{B6253002-0AA3-4F94-9A08-16B23B1B3268}.Release|Any CPU.ActiveCfg = Release|Any CPU
		{B6253002-0AA3-4F94-9A08-16B23B1B3268}.Release|Any CPU.Build.0 = Release|Any CPU
		{A56A39FB-911E-4BDD-9EF0-2AD5E4D8F7CF}.Debug|Any CPU.ActiveCfg = Debug|Any CPU
		{A56A39FB-911E-4BDD-9EF0-2AD5E4D8F7CF}.Debug|Any CPU.Build.0 = Debug|Any CPU
		{A56A39FB-911E-4BDD-9EF0-2AD5E4D8F7CF}.Release|Any CPU.ActiveCfg = Release|Any CPU
		{A56A39FB-911E-4BDD-9EF0-2AD5E4D8F7CF}.Release|Any CPU.Build.0 = Release|Any CPU
		{0EAE1940-5164-4270-AECE-73FC63BC46B7}.Debug|Any CPU.ActiveCfg = Debug|Any CPU
		{0EAE1940-5164-4270-AECE-73FC63BC46B7}.Debug|Any CPU.Build.0 = Debug|Any CPU
		{0EAE1940-5164-4270-AECE-73FC63BC46B7}.Release|Any CPU.ActiveCfg = Release|Any CPU
		{0EAE1940-5164-4270-AECE-73FC63BC46B7}.Release|Any CPU.Build.0 = Release|Any CPU
		{94535AD0-3EED-4984-A80B-EF85B64BB11C}.Debug|Any CPU.ActiveCfg = Debug|Any CPU
		{94535AD0-3EED-4984-A80B-EF85B64BB11C}.Debug|Any CPU.Build.0 = Debug|Any CPU
		{94535AD0-3EED-4984-A80B-EF85B64BB11C}.Release|Any CPU.ActiveCfg = Release|Any CPU
		{94535AD0-3EED-4984-A80B-EF85B64BB11C}.Release|Any CPU.Build.0 = Release|Any CPU
		{21C9AD60-6196-46A9-B216-76A1D48E9C88}.Debug|Any CPU.ActiveCfg = Debug|Any CPU
		{21C9AD60-6196-46A9-B216-76A1D48E9C88}.Debug|Any CPU.Build.0 = Debug|Any CPU
		{21C9AD60-6196-46A9-B216-76A1D48E9C88}.Release|Any CPU.ActiveCfg = Release|Any CPU
		{21C9AD60-6196-46A9-B216-76A1D48E9C88}.Release|Any CPU.Build.0 = Release|Any CPU
		{DE311193-97EF-4B4C-B427-0D1C092019DE}.Debug|Any CPU.ActiveCfg = Debug|Any CPU
		{DE311193-97EF-4B4C-B427-0D1C092019DE}.Debug|Any CPU.Build.0 = Debug|Any CPU
		{DE311193-97EF-4B4C-B427-0D1C092019DE}.Release|Any CPU.ActiveCfg = Release|Any CPU
		{DE311193-97EF-4B4C-B427-0D1C092019DE}.Release|Any CPU.Build.0 = Release|Any CPU
		{87A67441-46CE-4809-88B5-CE32BF94BCB8}.Debug|Any CPU.ActiveCfg = Debug|Any CPU
		{87A67441-46CE-4809-88B5-CE32BF94BCB8}.Debug|Any CPU.Build.0 = Debug|Any CPU
		{87A67441-46CE-4809-88B5-CE32BF94BCB8}.Release|Any CPU.ActiveCfg = Release|Any CPU
		{87A67441-46CE-4809-88B5-CE32BF94BCB8}.Release|Any CPU.Build.0 = Release|Any CPU
		{BE5EE4E8-6A03-44B2-87CB-70030456C5D0}.Debug|Any CPU.ActiveCfg = Debug|Any CPU
		{BE5EE4E8-6A03-44B2-87CB-70030456C5D0}.Debug|Any CPU.Build.0 = Debug|Any CPU
		{BE5EE4E8-6A03-44B2-87CB-70030456C5D0}.Release|Any CPU.ActiveCfg = Release|Any CPU
		{BE5EE4E8-6A03-44B2-87CB-70030456C5D0}.Release|Any CPU.Build.0 = Release|Any CPU
	EndGlobalSection
	GlobalSection(SolutionProperties) = preSolution
		HideSolutionNode = FALSE
	EndGlobalSection
	GlobalSection(NestedProjects) = preSolution
		{FF029D40-0C04-4313-B3C7-DDA49D00C5F4} = {62478159-2259-4A90-9E06-597CE7C18951}
		{8C321575-5955-445B-B6BB-C430F46A9CF9} = {62478159-2259-4A90-9E06-597CE7C18951}
		{38BAFF8A-AC9F-4AFD-B57B-BA9C5A65F23B} = {62478159-2259-4A90-9E06-597CE7C18951}
		{524CFF4F-0204-4CAB-B6D1-485B88838582} = {62A5A45A-FF5E-4990-84AF-BBB73D7774D3}
		{8156417B-5296-4E25-B40A-AAB9281CF4FC} = {B2D772BB-8024-485F-9281-7CB7B2885983}
		{235FFE20-4A24-4CF3-88EB-458CBE58E331} = {8156417B-5296-4E25-B40A-AAB9281CF4FC}
		{BFA785F3-81E7-4F42-9E5A-8BBD9E521331} = {B2D772BB-8024-485F-9281-7CB7B2885983}
		{4E150A98-4AE3-4E28-B18C-0EAADB5F11D2} = {BFA785F3-81E7-4F42-9E5A-8BBD9E521331}
		{4FC6F0D7-B9CB-4FDF-BFF0-2CD21287B89A} = {B2D772BB-8024-485F-9281-7CB7B2885983}
		{57385B70-A7E1-4225-81B2-79E16FFD0ABF} = {4FC6F0D7-B9CB-4FDF-BFF0-2CD21287B89A}
		{996B6C91-5A7F-465B-BB73-0116EEF93E27} = {4FC6F0D7-B9CB-4FDF-BFF0-2CD21287B89A}
		{B3F15A4E-8549-4B9A-A1E0-C44138A55CFB} = {4FC6F0D7-B9CB-4FDF-BFF0-2CD21287B89A}
		{776277DF-F5EC-43E0-B765-28DA2EDD2C05} = {74581FAA-4A2D-412C-ADD3-24AFE41F3E71}
		{7E127A90-5DAC-429F-BF88-824775E2BA04} = {74581FAA-4A2D-412C-ADD3-24AFE41F3E71}
		{FED2279D-23F6-407C-8E8D-7CA52B6931CC} = {74581FAA-4A2D-412C-ADD3-24AFE41F3E71}
		{B33D19C7-2C20-4065-9EC5-90A87A72F3C0} = {74581FAA-4A2D-412C-ADD3-24AFE41F3E71}
		{24BEF3D9-402F-4385-80DB-27C7956757A0} = {B33D19C7-2C20-4065-9EC5-90A87A72F3C0}
		{111B1F03-08D7-4B74-92D4-7C9AB8E6162A} = {B33D19C7-2C20-4065-9EC5-90A87A72F3C0}
		{A8425372-2071-4EBA-9AEA-4A7D01BB2907} = {E4A4894E-E447-45F3-B5DB-19BFF666706A}
		{6B92E073-DB9F-49AC-B9AA-44F43E30C999} = {A8425372-2071-4EBA-9AEA-4A7D01BB2907}
		{349833E3-22CC-40D9-909F-E2F078654590} = {E4A4894E-E447-45F3-B5DB-19BFF666706A}
		{179C8492-FF8E-453B-A108-A5A4B0CC4C0B} = {349833E3-22CC-40D9-909F-E2F078654590}
		{D5C650E4-E8A9-43E1-8172-94A0DC0CE8C3} = {E4A4894E-E447-45F3-B5DB-19BFF666706A}
		{3519CDA8-0560-400B-9263-84AA68ACFCE7} = {D5C650E4-E8A9-43E1-8172-94A0DC0CE8C3}
		{73E00923-F0CE-4844-9E26-7B1BC047FF31} = {D5C650E4-E8A9-43E1-8172-94A0DC0CE8C3}
		{D3EBD61B-717E-45A3-AE4D-57C9AF265576} = {6695DCA7-1788-4C4A-9E7B-0B00048D7FA5}
		{EC1F65EF-9F2D-4A76-B5FE-3558B2856546} = {D3EBD61B-717E-45A3-AE4D-57C9AF265576}
		{CA9CDD76-320E-468B-A4B7-638A360F2A5D} = {D3EBD61B-717E-45A3-AE4D-57C9AF265576}
		{F728FF86-EE35-4EE4-9536-CCCFBEDE9377} = {D3EBD61B-717E-45A3-AE4D-57C9AF265576}
		{5277E0CA-E955-4C28-9A79-E1EA2FC23666} = {D3EBD61B-717E-45A3-AE4D-57C9AF265576}
		{0FC76E9A-8AE4-44D2-85F0-6E4C43902230} = {628AC3C4-8DD6-4558-882E-F9098CAE0CB4}
		{2B30A1B3-5465-4AE1-8640-6D6A3870304B} = {628AC3C4-8DD6-4558-882E-F9098CAE0CB4}
		{24D81BAA-A581-4056-9B59-D9D48B421EBF} = {628AC3C4-8DD6-4558-882E-F9098CAE0CB4}
		{53D3C189-A6F6-41E0-AD2A-EA9E47C81C18} = {24D81BAA-A581-4056-9B59-D9D48B421EBF}
		{6DDC7D2B-6AA1-42A8-909E-86AC76F43168} = {24D81BAA-A581-4056-9B59-D9D48B421EBF}
		{5032607D-E69D-407E-A0BC-65B11D16D292} = {6A4AD11C-7517-48AC-A410-DFEEA8A8F989}
		{FA91DB88-09C5-408F-B3B8-36C717EE871A} = {6A4AD11C-7517-48AC-A410-DFEEA8A8F989}
		{2BFACDC3-F44D-4199-8498-F5C3C4AC0335} = {EDC68071-068B-4B43-9EE8-40CEE84C7A13}
		{E461C0A8-8900-485C-B520-E929BA33F712} = {EDC68071-068B-4B43-9EE8-40CEE84C7A13}
		{B6253002-0AA3-4F94-9A08-16B23B1B3268} = {6A4AD11C-7517-48AC-A410-DFEEA8A8F989}
		{EAEDF513-F581-43EF-B7BD-63823D988EC9} = {6A4AD11C-7517-48AC-A410-DFEEA8A8F989}
		{A56A39FB-911E-4BDD-9EF0-2AD5E4D8F7CF} = {EAEDF513-F581-43EF-B7BD-63823D988EC9}
		{0EAE1940-5164-4270-AECE-73FC63BC46B7} = {EAEDF513-F581-43EF-B7BD-63823D988EC9}
		{9F77BADC-C6FA-4F47-805C-7710C51DFC37} = {AA6C103E-F9F0-45E8-83C3-7B8D4B4E3B3F}
		{94535AD0-3EED-4984-A80B-EF85B64BB11C} = {9F77BADC-C6FA-4F47-805C-7710C51DFC37}
		{21C9AD60-6196-46A9-B216-76A1D48E9C88} = {9F77BADC-C6FA-4F47-805C-7710C51DFC37}
		{DE311193-97EF-4B4C-B427-0D1C092019DE} = {9F77BADC-C6FA-4F47-805C-7710C51DFC37}
		{02214C57-8A43-4B4D-BF5A-AED4479B96D2} = {AA6C103E-F9F0-45E8-83C3-7B8D4B4E3B3F}
		{87A67441-46CE-4809-88B5-CE32BF94BCB8} = {02214C57-8A43-4B4D-BF5A-AED4479B96D2}
		{BE5EE4E8-6A03-44B2-87CB-70030456C5D0} = {558C3187-545C-4980-AA5D-BDF798785A64}
	EndGlobalSection
	GlobalSection(ExtensibilityGlobals) = postSolution
		SolutionGuid = {2DEDC06B-2B9A-4FBB-ADEC-9AB925EB810A}
	EndGlobalSection
EndGlobal
